
Microsoft Visual Studio Solution File, Format Version 12.00
# Visual Studio 15
VisualStudioVersion = 15.0.27703.2000
MinimumVisualStudioVersion = 10.0.40219.1
Project("{9A19103F-16F7-4668-BE54-9A1E7A4F7556}") = "ProxyLib", "ProxyLib\ProxyLib.csproj", "{F4806F6A-D693-4524-AD76-A3A899BD973C}"
EndProject
Project("{9A19103F-16F7-4668-BE54-9A1E7A4F7556}") = "ProxyTest-2.0", "ProxyTest-2.0\ProxyTest-2.0.csproj", "{9C52ADD3-2211-4D76-BCF0-D88E41FD78D9}"
EndProject
Project("{9A19103F-16F7-4668-BE54-9A1E7A4F7556}") = "ProxyTest-2.1", "ProxyTest-2.1\ProxyTest-2.1.csproj", "{01D2AABC-6F00-4789-BD46-0731E3406E60}"
EndProject
Project("{9A19103F-16F7-4668-BE54-9A1E7A4F7556}") = "ProxyTest-2.2", "ProxyTest-2.2\ProxyTest-2.2.csproj", "{80D994A0-0822-4583-B1C7-71A31331EA69}"
EndProject
Global
	GlobalSection(SolutionConfigurationPlatforms) = preSolution
		Debug|Any CPU = Debug|Any CPU
		Release|Any CPU = Release|Any CPU
	EndGlobalSection
	GlobalSection(ProjectConfigurationPlatforms) = postSolution
		{F4806F6A-D693-4524-AD76-A3A899BD973C}.Debug|Any CPU.ActiveCfg = Debug|Any CPU
		{F4806F6A-D693-4524-AD76-A3A899BD973C}.Debug|Any CPU.Build.0 = Debug|Any CPU
		{F4806F6A-D693-4524-AD76-A3A899BD973C}.Release|Any CPU.ActiveCfg = Release|Any CPU
		{F4806F6A-D693-4524-AD76-A3A899BD973C}.Release|Any CPU.Build.0 = Release|Any CPU
		{9C52ADD3-2211-4D76-BCF0-D88E41FD78D9}.Debug|Any CPU.ActiveCfg = Debug|Any CPU
		{9C52ADD3-2211-4D76-BCF0-D88E41FD78D9}.Debug|Any CPU.Build.0 = Debug|Any CPU
		{9C52ADD3-2211-4D76-BCF0-D88E41FD78D9}.Release|Any CPU.ActiveCfg = Release|Any CPU
		{9C52ADD3-2211-4D76-BCF0-D88E41FD78D9}.Release|Any CPU.Build.0 = Release|Any CPU
		{01D2AABC-6F00-4789-BD46-0731E3406E60}.Debug|Any CPU.ActiveCfg = Debug|Any CPU
		{01D2AABC-6F00-4789-BD46-0731E3406E60}.Debug|Any CPU.Build.0 = Debug|Any CPU
		{01D2AABC-6F00-4789-BD46-0731E3406E60}.Release|Any CPU.ActiveCfg = Release|Any CPU
		{01D2AABC-6F00-4789-BD46-0731E3406E60}.Release|Any CPU.Build.0 = Release|Any CPU
		{80D994A0-0822-4583-B1C7-71A31331EA69}.Debug|Any CPU.ActiveCfg = Debug|Any CPU
		{80D994A0-0822-4583-B1C7-71A31331EA69}.Debug|Any CPU.Build.0 = Debug|Any CPU
		{80D994A0-0822-4583-B1C7-71A31331EA69}.Release|Any CPU.ActiveCfg = Release|Any CPU
		{80D994A0-0822-4583-B1C7-71A31331EA69}.Release|Any CPU.Build.0 = Release|Any CPU
	EndGlobalSection
	GlobalSection(SolutionProperties) = preSolution
		HideSolutionNode = FALSE
	EndGlobalSection
	GlobalSection(ExtensibilityGlobals) = postSolution
		SolutionGuid = {3A4B43E6-C356-432C-88AA-7798FDADDF4F}
	EndGlobalSection
EndGlobal
